
Microsoft Visual Studio Solution File, Format Version 12.00
# Visual Studio Version 16
VisualStudioVersion = 16.0.30225.117
MinimumVisualStudioVersion = 10.0.40219.1
Project("{9A19103F-16F7-4668-BE54-9A1E7A4F7556}") = "DynamoDb.ReadersApp", "DynamoDb.ReadersApp\DynamoDb.ReadersApp.csproj", "{BF87353E-DC2E-48F8-A509-2FCB1F9D5C6E}"
EndProject
Project("{9A19103F-16F7-4668-BE54-9A1E7A4F7556}") = "DynamoDb.Core", "DynamoDb.Core\DynamoDb.Core.csproj", "{45DCB731-3BEA-4370-8849-D7A3460C88A7}"
EndProject
Project("{9A19103F-16F7-4668-BE54-9A1E7A4F7556}") = "DynamoDb.Contracts", "DynamoDb.Contracts\DynamoDb.Contracts.csproj", "{07F5E3D8-4C7D-4EFF-B6C6-3640A884BEDE}"
EndProject
Global
	GlobalSection(SolutionConfigurationPlatforms) = preSolution
		Debug|Any CPU = Debug|Any CPU
		Release|Any CPU = Release|Any CPU
	EndGlobalSection
	GlobalSection(ProjectConfigurationPlatforms) = postSolution
		{BF87353E-DC2E-48F8-A509-2FCB1F9D5C6E}.Debug|Any CPU.ActiveCfg = Debug|Any CPU
		{BF87353E-DC2E-48F8-A509-2FCB1F9D5C6E}.Debug|Any CPU.Build.0 = Debug|Any CPU
		{BF87353E-DC2E-48F8-A509-2FCB1F9D5C6E}.Release|Any CPU.ActiveCfg = Release|Any CPU
		{BF87353E-DC2E-48F8-A509-2FCB1F9D5C6E}.Release|Any CPU.Build.0 = Release|Any CPU
		{45DCB731-3BEA-4370-8849-D7A3460C88A7}.Debug|Any CPU.ActiveCfg = Debug|Any CPU
		{45DCB731-3BEA-4370-8849-D7A3460C88A7}.Debug|Any CPU.Build.0 = Debug|Any CPU
		{45DCB731-3BEA-4370-8849-D7A3460C88A7}.Release|Any CPU.ActiveCfg = Release|Any CPU
		{45DCB731-3BEA-4370-8849-D7A3460C88A7}.Release|Any CPU.Build.0 = Release|Any CPU
		{07F5E3D8-4C7D-4EFF-B6C6-3640A884BEDE}.Debug|Any CPU.ActiveCfg = Debug|Any CPU
		{07F5E3D8-4C7D-4EFF-B6C6-3640A884BEDE}.Debug|Any CPU.Build.0 = Debug|Any CPU
		{07F5E3D8-4C7D-4EFF-B6C6-3640A884BEDE}.Release|Any CPU.ActiveCfg = Release|Any CPU
		{07F5E3D8-4C7D-4EFF-B6C6-3640A884BEDE}.Release|Any CPU.Build.0 = Release|Any CPU
	EndGlobalSection
	GlobalSection(SolutionProperties) = preSolution
		HideSolutionNode = FALSE
	EndGlobalSection
	GlobalSection(ExtensibilityGlobals) = postSolution
		SolutionGuid = {89FA1632-D3B5-4461-845D-437053116135}
	EndGlobalSection
EndGlobal
